{
    "name": "print-this",
    "version": "1.15.1",
    "lockfileVersion": 3,
    "requires": true,
    "packages": {
        "": {
            "name": "print-this",
            "version": "1.15.1",
            "hasInstallScript": true,
            "license": "MIT",
            "dependencies": {
                "jquery": ">=1.11",
                "opencollective-postinstall": "^2.0.2"
            }
        },
        "node_modules/jquery": {
            "version": "3.7.1",
            "resolved": "https://registry.npmjs.org/jquery/-/jquery-3.7.1.tgz",
            "integrity": "sha512-m4avr8yL8kmFN8psrbFFFmB/If14iN5o9nw/NgnnM+kybDJpRsAynV2BsfpTYrTRysYUdADVD7CkUUizgkpLfg==",
            "license": "MIT"
        },
        "node_modules/opencollective-postinstall": {
            "version": "2.0.3",
            "resolved": "https://registry.npmjs.org/opencollective-postinstall/-/opencollective-postinstall-2.0.3.tgz",
            "integrity": "sha512-8AV/sCtuzUeTo8gQK5qDZzARrulB3egtLzFgteqB2tcT4Mw7B8Kt7JcDHmltjz6FOAHsvTevk70gZEbhM4ZS9Q==",
            "license": "MIT",
            "bin": {
                "opencollective-postinstall": "index.js"
            }
        }
    }
}
